
Microsoft Visual Studio Solution File, Format Version 12.00
# Visual Studio 15
Project("{FAE04EC0-301F-11D3-BF4B-00C04F79EFBC}") = "Assembly-CSharp", "Assembly-CSharp.csproj", "{442169CE-FCEE-DF38-88A9-A81A91F658C9}"
EndProject
Project("{FAE04EC0-301F-11D3-BF4B-00C04F79EFBC}") = "ParrelSync", "ParrelSync.csproj", "{717463F0-170A-3387-7D3E-CBB2C518097D}"
EndProject
Global
	GlobalSection(SolutionConfigurationPlatforms) = preSolution
		Debug|Any CPU = Debug|Any CPU
		Release|Any CPU = Release|Any CPU
	EndGlobalSection
	GlobalSection(ProjectConfigurationPlatforms) = postSolution
		{442169CE-FCEE-DF38-88A9-A81A91F658C9}.Debug|Any CPU.ActiveCfg = Debug|Any CPU
		{442169CE-FCEE-DF38-88A9-A81A91F658C9}.Debug|Any CPU.Build.0 = Debug|Any CPU
		{442169CE-FCEE-DF38-88A9-A81A91F658C9}.Release|Any CPU.ActiveCfg = Release|Any CPU
		{442169CE-FCEE-DF38-88A9-A81A91F658C9}.Release|Any CPU.Build.0 = Release|Any CPU
		{717463F0-170A-3387-7D3E-CBB2C518097D}.Debug|Any CPU.ActiveCfg = Debug|Any CPU
		{717463F0-170A-3387-7D3E-CBB2C518097D}.Debug|Any CPU.Build.0 = Debug|Any CPU
		{717463F0-170A-3387-7D3E-CBB2C518097D}.Release|Any CPU.ActiveCfg = Release|Any CPU
		{717463F0-170A-3387-7D3E-CBB2C518097D}.Release|Any CPU.Build.0 = Release|Any CPU
	EndGlobalSection
	GlobalSection(SolutionProperties) = preSolution
		HideSolutionNode = FALSE
	EndGlobalSection
EndGlobal
